
Microsoft Visual Studio Solution File, Format Version 12.00
# Visual Studio Version 16
VisualStudioVersion = 16.0.34031.81
MinimumVisualStudioVersion = 10.0.40219.1
Project("{FAE04EC0-301F-11D3-BF4B-00C04F79EFBC}") = "ExamWeb_NguyenDoanThanhVu", "ExamWeb_NguyenDoanThanhVu\ExamWeb_NguyenDoanThanhVu.csproj", "{8A69C524-A6CC-4969-AA5E-B24A8D627F9C}"
EndProject
Global
	GlobalSection(SolutionConfigurationPlatforms) = preSolution
		Debug|Any CPU = Debug|Any CPU
		Release|Any CPU = Release|Any CPU
	EndGlobalSection
	GlobalSection(ProjectConfigurationPlatforms) = postSolution
		{8A69C524-A6CC-4969-AA5E-B24A8D627F9C}.Debug|Any CPU.ActiveCfg = Debug|Any CPU
		{8A69C524-A6CC-4969-AA5E-B24A8D627F9C}.Debug|Any CPU.Build.0 = Debug|Any CPU
		{8A69C524-A6CC-4969-AA5E-B24A8D627F9C}.Release|Any CPU.ActiveCfg = Release|Any CPU
		{8A69C524-A6CC-4969-AA5E-B24A8D627F9C}.Release|Any CPU.Build.0 = Release|Any CPU
	EndGlobalSection
	GlobalSection(SolutionProperties) = preSolution
		HideSolutionNode = FALSE
	EndGlobalSection
	GlobalSection(ExtensibilityGlobals) = postSolution
		SolutionGuid = {100C759F-7750-455C-9F62-4CA40077210E}
	EndGlobalSection
EndGlobal
